
Microsoft Visual Studio Solution File, Format Version 12.00
# Visual Studio Version 16
VisualStudioVersion = 16.0.30717.126
MinimumVisualStudioVersion = 10.0.40219.1
Project("{8BC9CEB8-8B4A-11D0-8D11-00A0C91BC942}") = "№6", "№6\№6.vcxproj", "{CDEB30E0-71F4-4D8D-826B-63A04A39C57F}"
EndProject
Global
	GlobalSection(SolutionConfigurationPlatforms) = preSolution
		Debug|x64 = Debug|x64
		Debug|x86 = Debug|x86
		Release|x64 = Release|x64
		Release|x86 = Release|x86
	EndGlobalSection
	GlobalSection(ProjectConfigurationPlatforms) = postSolution
		{CDEB30E0-71F4-4D8D-826B-63A04A39C57F}.Debug|x64.ActiveCfg = Debug|x64
		{CDEB30E0-71F4-4D8D-826B-63A04A39C57F}.Debug|x64.Build.0 = Debug|x64
		{CDEB30E0-71F4-4D8D-826B-63A04A39C57F}.Debug|x86.ActiveCfg = Debug|Win32
		{CDEB30E0-71F4-4D8D-826B-63A04A39C57F}.Debug|x86.Build.0 = Debug|Win32
		{CDEB30E0-71F4-4D8D-826B-63A04A39C57F}.Release|x64.ActiveCfg = Release|x64
		{CDEB30E0-71F4-4D8D-826B-63A04A39C57F}.Release|x64.Build.0 = Release|x64
		{CDEB30E0-71F4-4D8D-826B-63A04A39C57F}.Release|x86.ActiveCfg = Release|Win32
		{CDEB30E0-71F4-4D8D-826B-63A04A39C57F}.Release|x86.Build.0 = Release|Win32
	EndGlobalSection
	GlobalSection(SolutionProperties) = preSolution
		HideSolutionNode = FALSE
	EndGlobalSection
	GlobalSection(ExtensibilityGlobals) = postSolution
		SolutionGuid = {93260897-1DE2-4739-A417-48A9D5F836BC}
	EndGlobalSection
EndGlobal
