
Microsoft Visual Studio Solution File, Format Version 12.00
# Visual Studio Version 16
VisualStudioVersion = 16.0.30717.126
MinimumVisualStudioVersion = 10.0.40219.1
Project("{8BC9CEB8-8B4A-11D0-8D11-00A0C91BC942}") = "struct№2", "struct№2\struct№2.vcxproj", "{4F07A36F-0FAB-4EC8-A363-14BB4CF01CE1}"
EndProject
Project("{2150E333-8FDC-42A3-9474-1A3956D46DE8}") = "Solution Items", "Solution Items", "{F3CD7BDD-5552-4CB5-92ED-A3DFCB76904F}"
	ProjectSection(SolutionItems) = preProject
		struct№2\files.csv = struct№2\files.csv
	EndProjectSection
EndProject
Global
	GlobalSection(SolutionConfigurationPlatforms) = preSolution
		Debug|x64 = Debug|x64
		Debug|x86 = Debug|x86
		Release|x64 = Release|x64
		Release|x86 = Release|x86
	EndGlobalSection
	GlobalSection(ProjectConfigurationPlatforms) = postSolution
		{4F07A36F-0FAB-4EC8-A363-14BB4CF01CE1}.Debug|x64.ActiveCfg = Debug|x64
		{4F07A36F-0FAB-4EC8-A363-14BB4CF01CE1}.Debug|x64.Build.0 = Debug|x64
		{4F07A36F-0FAB-4EC8-A363-14BB4CF01CE1}.Debug|x86.ActiveCfg = Debug|Win32
		{4F07A36F-0FAB-4EC8-A363-14BB4CF01CE1}.Debug|x86.Build.0 = Debug|Win32
		{4F07A36F-0FAB-4EC8-A363-14BB4CF01CE1}.Release|x64.ActiveCfg = Release|x64
		{4F07A36F-0FAB-4EC8-A363-14BB4CF01CE1}.Release|x64.Build.0 = Release|x64
		{4F07A36F-0FAB-4EC8-A363-14BB4CF01CE1}.Release|x86.ActiveCfg = Release|Win32
		{4F07A36F-0FAB-4EC8-A363-14BB4CF01CE1}.Release|x86.Build.0 = Release|Win32
	EndGlobalSection
	GlobalSection(SolutionProperties) = preSolution
		HideSolutionNode = FALSE
	EndGlobalSection
	GlobalSection(ExtensibilityGlobals) = postSolution
		SolutionGuid = {77CBC526-5C71-437B-9348-8D7B976CCAD9}
	EndGlobalSection
EndGlobal
